
Microsoft Visual Studio Solution File, Format Version 12.00
# Visual Studio Version 16
VisualStudioVersion = 16.0.30804.86
MinimumVisualStudioVersion = 10.0.40219.1
Project("{FAE04EC0-301F-11D3-BF4B-00C04F79EFBC}") = "TocTiny", "TocTiny\TocTiny.csproj", "{5F0FCC42-0ED6-4FDD-A9FD-83A31B4AD946}"
EndProject
Project("{FAE04EC0-301F-11D3-BF4B-00C04F79EFBC}") = "TocTinyClient", "TocTinyClient\TocTinyClient.csproj", "{9BBDF972-0E9A-4AB1-A386-17DDF328F46C}"
EndProject
Global
	GlobalSection(SolutionConfigurationPlatforms) = preSolution
		Debug|Any CPU = Debug|Any CPU
		Release|Any CPU = Release|Any CPU
	EndGlobalSection
	GlobalSection(ProjectConfigurationPlatforms) = postSolution
		{5F0FCC42-0ED6-4FDD-A9FD-83A31B4AD946}.Debug|Any CPU.ActiveCfg = Debug|Any CPU
		{5F0FCC42-0ED6-4FDD-A9FD-83A31B4AD946}.Debug|Any CPU.Build.0 = Debug|Any CPU
		{5F0FCC42-0ED6-4FDD-A9FD-83A31B4AD946}.Release|Any CPU.ActiveCfg = Release|Any CPU
		{5F0FCC42-0ED6-4FDD-A9FD-83A31B4AD946}.Release|Any CPU.Build.0 = Release|Any CPU
		{9BBDF972-0E9A-4AB1-A386-17DDF328F46C}.Debug|Any CPU.ActiveCfg = Debug|Any CPU
		{9BBDF972-0E9A-4AB1-A386-17DDF328F46C}.Debug|Any CPU.Build.0 = Debug|Any CPU
		{9BBDF972-0E9A-4AB1-A386-17DDF328F46C}.Release|Any CPU.ActiveCfg = Release|Any CPU
		{9BBDF972-0E9A-4AB1-A386-17DDF328F46C}.Release|Any CPU.Build.0 = Release|Any CPU
	EndGlobalSection
	GlobalSection(SolutionProperties) = preSolution
		HideSolutionNode = FALSE
	EndGlobalSection
	GlobalSection(ExtensibilityGlobals) = postSolution
		SolutionGuid = {158DAF8C-80A2-4620-A0A5-A05C59ED4DAA}
	EndGlobalSection
EndGlobal
